
Microsoft Visual Studio Solution File, Format Version 12.00
# Visual Studio 15
VisualStudioVersion = 15.0.28307.757
MinimumVisualStudioVersion = 10.0.40219.1
Project("{FAE04EC0-301F-11D3-BF4B-00C04F79EFBC}") = "DesafioLogica3", "DesafioLogica3\DesafioLogica3.csproj", "{FDCAA266-B203-4893-94CE-1653B62915E6}"
EndProject
Global
	GlobalSection(SolutionConfigurationPlatforms) = preSolution
		Debug|Any CPU = Debug|Any CPU
		Release|Any CPU = Release|Any CPU
	EndGlobalSection
	GlobalSection(ProjectConfigurationPlatforms) = postSolution
		{FDCAA266-B203-4893-94CE-1653B62915E6}.Debug|Any CPU.ActiveCfg = Debug|Any CPU
		{FDCAA266-B203-4893-94CE-1653B62915E6}.Debug|Any CPU.Build.0 = Debug|Any CPU
		{FDCAA266-B203-4893-94CE-1653B62915E6}.Release|Any CPU.ActiveCfg = Release|Any CPU
		{FDCAA266-B203-4893-94CE-1653B62915E6}.Release|Any CPU.Build.0 = Release|Any CPU
	EndGlobalSection
	GlobalSection(SolutionProperties) = preSolution
		HideSolutionNode = FALSE
	EndGlobalSection
	GlobalSection(ExtensibilityGlobals) = postSolution
		SolutionGuid = {3BCD6719-0BA7-491E-871F-617D5C7257A6}
	EndGlobalSection
EndGlobal
